
Microsoft Visual Studio Solution File, Format Version 12.00
# Visual Studio Version 17
VisualStudioVersion = 17.8.34330.188
MinimumVisualStudioVersion = 10.0.40219.1
Project("{FAE04EC0-301F-11D3-BF4B-00C04F79EFBC}") = "Ejercicio 5_Conjunta", "Ejercicio 5_Conjunta.csproj", "{9FEF0969-B8BB-4B03-9789-9263791ADADE}"
EndProject
Global
	GlobalSection(SolutionConfigurationPlatforms) = preSolution
		Debug|Any CPU = Debug|Any CPU
		Release|Any CPU = Release|Any CPU
	EndGlobalSection
	GlobalSection(ProjectConfigurationPlatforms) = postSolution
		{9FEF0969-B8BB-4B03-9789-9263791ADADE}.Debug|Any CPU.ActiveCfg = Debug|Any CPU
		{9FEF0969-B8BB-4B03-9789-9263791ADADE}.Debug|Any CPU.Build.0 = Debug|Any CPU
		{9FEF0969-B8BB-4B03-9789-9263791ADADE}.Release|Any CPU.ActiveCfg = Release|Any CPU
		{9FEF0969-B8BB-4B03-9789-9263791ADADE}.Release|Any CPU.Build.0 = Release|Any CPU
	EndGlobalSection
	GlobalSection(SolutionProperties) = preSolution
		HideSolutionNode = FALSE
	EndGlobalSection
	GlobalSection(ExtensibilityGlobals) = postSolution
		SolutionGuid = {DEA44480-83B6-451D-9E04-869599F54924}
	EndGlobalSection
EndGlobal
